
Microsoft Visual Studio Solution File, Format Version 12.00
# Visual Studio Version 17
VisualStudioVersion = 17.13.35913.81 d17.13
MinimumVisualStudioVersion = 10.0.40219.1
Project("{FAE04EC0-301F-11D3-BF4B-00C04F79EFBC}") = "RazorCms", "RazorCms\RazorCms.csproj", "{3F0D3042-90A0-4229-A30B-89DF7CF44EDB}"
EndProject
Global
	GlobalSection(SolutionConfigurationPlatforms) = preSolution
		Debug|Any CPU = Debug|Any CPU
		Release|Any CPU = Release|Any CPU
	EndGlobalSection
	GlobalSection(ProjectConfigurationPlatforms) = postSolution
		{3F0D3042-90A0-4229-A30B-89DF7CF44EDB}.Debug|Any CPU.ActiveCfg = Debug|Any CPU
		{3F0D3042-90A0-4229-A30B-89DF7CF44EDB}.Debug|Any CPU.Build.0 = Debug|Any CPU
		{3F0D3042-90A0-4229-A30B-89DF7CF44EDB}.Release|Any CPU.ActiveCfg = Release|Any CPU
		{3F0D3042-90A0-4229-A30B-89DF7CF44EDB}.Release|Any CPU.Build.0 = Release|Any CPU
	EndGlobalSection
	GlobalSection(SolutionProperties) = preSolution
		HideSolutionNode = FALSE
	EndGlobalSection
	GlobalSection(ExtensibilityGlobals) = postSolution
		SolutionGuid = {1C78AF97-06FD-4C24-8029-66B1309CC9DF}
	EndGlobalSection
EndGlobal
